
Microsoft Visual Studio Solution File, Format Version 12.00
# Visual Studio Version 16
VisualStudioVersion = 16.0.32929.386
MinimumVisualStudioVersion = 10.0.40219.1
Project("{8BC9CEB8-8B4A-11D0-8D11-00A0C91BC942}") = "AdrianCiemienga", "AdrianCiemienga\AdrianCiemienga.vcxproj", "{F0F85219-A52D-4CB5-81E2-C009FEAA11A9}"
EndProject
Global
	GlobalSection(SolutionConfigurationPlatforms) = preSolution
		Debug|x64 = Debug|x64
		Debug|x86 = Debug|x86
		Release|x64 = Release|x64
		Release|x86 = Release|x86
	EndGlobalSection
	GlobalSection(ProjectConfigurationPlatforms) = postSolution
		{F0F85219-A52D-4CB5-81E2-C009FEAA11A9}.Debug|x64.ActiveCfg = Debug|x64
		{F0F85219-A52D-4CB5-81E2-C009FEAA11A9}.Debug|x64.Build.0 = Debug|x64
		{F0F85219-A52D-4CB5-81E2-C009FEAA11A9}.Debug|x86.ActiveCfg = Debug|Win32
		{F0F85219-A52D-4CB5-81E2-C009FEAA11A9}.Debug|x86.Build.0 = Debug|Win32
		{F0F85219-A52D-4CB5-81E2-C009FEAA11A9}.Release|x64.ActiveCfg = Release|x64
		{F0F85219-A52D-4CB5-81E2-C009FEAA11A9}.Release|x64.Build.0 = Release|x64
		{F0F85219-A52D-4CB5-81E2-C009FEAA11A9}.Release|x86.ActiveCfg = Release|Win32
		{F0F85219-A52D-4CB5-81E2-C009FEAA11A9}.Release|x86.Build.0 = Release|Win32
	EndGlobalSection
	GlobalSection(SolutionProperties) = preSolution
		HideSolutionNode = FALSE
	EndGlobalSection
	GlobalSection(ExtensibilityGlobals) = postSolution
		SolutionGuid = {027D4724-634E-4CA5-BD19-D8B320FD8C29}
	EndGlobalSection
EndGlobal
